// !$*UTF8*$!
{
	archiveVersion = 1;
	classes = {
	};
	objectVersion = 50;
	objects = {

/* Begin PBXBuildFile section */
		5F5393D024ACAA0E001AC20C /* AppDelegate.swift in Sources */ = {isa = PBXBuildFile; fileRef = 5F5393CF24ACAA0E001AC20C /* AppDelegate.swift */; };
		5F5393D224ACAA0E001AC20C /* SceneDelegate.swift in Sources */ = {isa = PBXBuildFile; fileRef = 5F5393D124ACAA0E001AC20C /* SceneDelegate.swift */; };
		5F5393D424ACAA0E001AC20C /* PickDonenessViewController.swift in Sources */ = {isa = PBXBuildFile; fileRef = 5F5393D324ACAA0E001AC20C /* PickDonenessViewController.swift */; };
		5F5393D724ACAA0E001AC20C /* Main.storyboard in Resources */ = {isa = PBXBuildFile; fileRef = 5F5393D524ACAA0E001AC20C /* Main.storyboard */; };
		5F5393D924ACAA0F001AC20C /* Assets.xcassets in Resources */ = {isa = PBXBuildFile; fileRef = 5F5393D824ACAA0F001AC20C /* Assets.xcassets */; };
		5F5393DC24ACAA0F001AC20C /* LaunchScreen.storyboard in Resources */ = {isa = PBXBuildFile; fileRef = 5F5393DA24ACAA0F001AC20C /* LaunchScreen.storyboard */; };
		5F5393EB24AF1D5D001AC20C /* TimerViewController.swift in Sources */ = {isa = PBXBuildFile; fileRef = 5F5393EA24AF1D5D001AC20C /* TimerViewController.swift */; };
		5F5393ED24AF1D8B001AC20C /* MeatBrain.swift in Sources */ = {isa = PBXBuildFile; fileRef = 5F5393EC24AF1D8B001AC20C /* MeatBrain.swift */; };
		5F5393EF24AF3DA8001AC20C /* Meat.swift in Sources */ = {isa = PBXBuildFile; fileRef = 5F5393EE24AF3DA8001AC20C /* Meat.swift */; };
		5F53941A24B056BE001AC20C /* alarm_sound.mp3 in Resources */ = {isa = PBXBuildFile; fileRef = 5F53941924B056BE001AC20C /* alarm_sound.mp3 */; };
/* End PBXBuildFile section */

/* Begin PBXFileReference section */
		5F5393CC24ACAA0E001AC20C /* SteakTimer.app */ = {isa = PBXFileReference; explicitFileType = wrapper.application; includeInIndex = 0; path = SteakTimer.app; sourceTree = BUILT_PRODUCTS_DIR; };
		5F5393CF24ACAA0E001AC20C /* AppDelegate.swift */ = {isa = PBXFileReference; lastKnownFileType = sourcecode.swift; path = AppDelegate.swift; sourceTree = "<group>"; };
		5F5393D124ACAA0E001AC20C /* SceneDelegate.swift */ = {isa = PBXFileReference; lastKnownFileType = sourcecode.swift; path = SceneDelegate.swift; sourceTree = "<group>"; };
		5F5393D324ACAA0E001AC20C /* PickDonenessViewController.swift */ = {isa = PBXFileReference; lastKnownFileType = sourcecode.swift; path = PickDonenessViewController.swift; sourceTree = "<group>"; };
		5F5393D624ACAA0E001AC20C /* Base */ = {isa = PBXFileReference; lastKnownFileType = file.storyboard; name = Base; path = Base.lproj/Main.storyboard; sourceTree = "<group>"; };
		5F5393D824ACAA0F001AC20C /* Assets.xcassets */ = {isa = PBXFileReference; lastKnownFileType = folder.assetcatalog; path = Assets.xcassets; sourceTree = "<group>"; };
		5F5393DB24ACAA0F001AC20C /* Base */ = {isa = PBXFileReference; lastKnownFileType = file.storyboard; name = Base; path = Base.lproj/LaunchScreen.storyboard; sourceTree = "<group>"; };
		5F5393DD24ACAA0F001AC20C /* Info.plist */ = {isa = PBXFileReference; lastKnownFileType = text.plist.xml; path = Info.plist; sourceTree = "<group>"; };
		5F5393EA24AF1D5D001AC20C /* TimerViewController.swift */ = {isa = PBXFileReference; lastKnownFileType = sourcecode.swift; path = TimerViewController.swift; sourceTree = "<group>"; };
		5F5393EC24AF1D8B001AC20C /* MeatBrain.swift */ = {isa = PBXFileReference; lastKnownFileType = sourcecode.swift; path = MeatBrain.swift; sourceTree = "<group>"; };
		5F5393EE24AF3DA8001AC20C /* Meat.swift */ = {isa = PBXFileReference; lastKnownFileType = sourcecode.swift; path = Meat.swift; sourceTree = "<group>"; };
		5F53941924B056BE001AC20C /* alarm_sound.mp3 */ = {isa = PBXFileReference; lastKnownFileType = audio.mp3; path = alarm_sound.mp3; sourceTree = "<group>"; };
/* End PBXFileReference section */

/* Begin PBXFrameworksBuildPhase section */
		5F5393C924ACAA0E001AC20C /* Frameworks */ = {
			isa = PBXFrameworksBuildPhase;
			buildActionMask = 2147483647;
			files = (
			);
			runOnlyForDeploymentPostprocessing = 0;
		};
/* End PBXFrameworksBuildPhase section */

/* Begin PBXGroup section */
		5F5393C324ACAA0E001AC20C = {
			isa = PBXGroup;
			children = (
				5F5393CE24ACAA0E001AC20C /* SteakTimer */,
				5F5393CD24ACAA0E001AC20C /* Products */,
			);
			sourceTree = "<group>";
		};
		5F5393CD24ACAA0E001AC20C /* Products */ = {
			isa = PBXGroup;
			children = (
				5F5393CC24ACAA0E001AC20C /* SteakTimer.app */,
			);
			name = Products;
			sourceTree = "<group>";
		};
		5F5393CE24ACAA0E001AC20C /* SteakTimer */ = {
			isa = PBXGroup;
			children = (
				5F5393CF24ACAA0E001AC20C /* AppDelegate.swift */,
				5F5393D124ACAA0E001AC20C /* SceneDelegate.swift */,
				5F53941624B04C42001AC20C /* Controller */,
				5F53941724B04C57001AC20C /* Model */,
				5F53941824B04C61001AC20C /* View */,
				5F5393D824ACAA0F001AC20C /* Assets.xcassets */,
				5F5393DA24ACAA0F001AC20C /* LaunchScreen.storyboard */,
				5F53941924B056BE001AC20C /* alarm_sound.mp3 */,
				5F5393DD24ACAA0F001AC20C /* Info.plist */,
			);
			path = SteakTimer;
			sourceTree = "<group>";
		};
		5F53941624B04C42001AC20C /* Controller */ = {
			isa = PBXGroup;
			children = (
				5F5393D324ACAA0E001AC20C /* PickDonenessViewController.swift */,
				5F5393EA24AF1D5D001AC20C /* TimerViewController.swift */,
			);
			path = Controller;
			sourceTree = "<group>";
		};
		5F53941724B04C57001AC20C /* Model */ = {
			isa = PBXGroup;
			children = (
				5F5393EC24AF1D8B001AC20C /* MeatBrain.swift */,
				5F5393EE24AF3DA8001AC20C /* Meat.swift */,
			);
			path = Model;
			sourceTree = "<group>";
		};
		5F53941824B04C61001AC20C /* View */ = {
			isa = PBXGroup;
			children = (
				5F5393D524ACAA0E001AC20C /* Main.storyboard */,
			);
			path = View;
			sourceTree = "<group>";
		};
/* End PBXGroup section */

/* Begin PBXNativeTarget section */
		5F5393CB24ACAA0E001AC20C /* SteakTimer */ = {
			isa = PBXNativeTarget;
			buildConfigurationList = 5F5393E024ACAA0F001AC20C /* Build configuration list for PBXNativeTarget "SteakTimer" */;
			buildPhases = (
				5F5393C824ACAA0E001AC20C /* Sources */,
				5F5393C924ACAA0E001AC20C /* Frameworks */,
				5F5393CA24ACAA0E001AC20C /* Resources */,
			);
			buildRules = (
			);
			dependencies = (
			);
			name = SteakTimer;
			productName = SteakTimer;
			productReference = 5F5393CC24ACAA0E001AC20C /* SteakTimer.app */;
			productType = "com.apple.product-type.application";
		};
/* End PBXNativeTarget section */

/* Begin PBXProject section */
		5F5393C424ACAA0E001AC20C /* Project object */ = {
			isa = PBXProject;
			attributes = {
				LastSwiftUpdateCheck = 1150;
				LastUpgradeCheck = 1150;
				ORGANIZATIONNAME = Chris;
				TargetAttributes = {
					5F5393CB24ACAA0E001AC20C = {
						CreatedOnToolsVersion = 11.5;
					};
				};
			};
			buildConfigurationList = 5F5393C724ACAA0E001AC20C /* Build configuration list for PBXProject "SteakTimer" */;
			compatibilityVersion = "Xcode 9.3";
			developmentRegion = en;
			hasScannedForEncodings = 0;
			knownRegions = (
				en,
				Base,
			);
			mainGroup = 5F5393C324ACAA0E001AC20C;
			productRefGroup = 5F5393CD24ACAA0E001AC20C /* Products */;
			projectDirPath = "";
			projectRoot = "";
			targets = (
				5F5393CB24ACAA0E001AC20C /* SteakTimer */,
			);
		};
/* End PBXProject section */

/* Begin PBXResourcesBuildPhase section */
		5F5393CA24ACAA0E001AC20C /* Resources */ = {
			isa = PBXResourcesBuildPhase;
			buildActionMask = 2147483647;
			files = (
				5F5393DC24ACAA0F001AC20C /* LaunchScreen.storyboard in Resources */,
				5F5393D924ACAA0F001AC20C /* Assets.xcassets in Resources */,
				5F53941A24B056BE001AC20C /* alarm_sound.mp3 in Resources */,
				5F5393D724ACAA0E001AC20C /* Main.storyboard in Resources */,
			);
			runOnlyForDeploymentPostprocessing = 0;
		};
/* End PBXResourcesBuildPhase section */

/* Begin PBXSourcesBuildPhase section */
		5F5393C824ACAA0E001AC20C /* Sources */ = {
			isa = PBXSourcesBuildPhase;
			buildActionMask = 2147483647;
			files = (
				5F5393EB24AF1D5D001AC20C /* TimerViewController.swift in Sources */,
				5F5393D424ACAA0E001AC20C /* PickDonenessViewController.swift in Sources */,
				5F5393D024ACAA0E001AC20C /* AppDelegate.swift in Sources */,
				5F5393ED24AF1D8B001AC20C /* MeatBrain.swift in Sources */,
				5F5393EF24AF3DA8001AC20C /* Meat.swift in Sources */,
				5F5393D224ACAA0E001AC20C /* SceneDelegate.swift in Sources */,
			);
			runOnlyForDeploymentPostprocessing = 0;
		};
/* End PBXSourcesBuildPhase section */

/* Begin PBXVariantGroup section */
		5F5393D524ACAA0E001AC20C /* Main.storyboard */ = {
			isa = PBXVariantGroup;
			children = (
				5F5393D624ACAA0E001AC20C /* Base */,
			);
			name = Main.storyboard;
			sourceTree = "<group>";
		};
		5F5393DA24ACAA0F001AC20C /* LaunchScreen.storyboard */ = {
			isa = PBXVariantGroup;
			children = (
				5F5393DB24ACAA0F001AC20C /* Base */,
			);
			name = LaunchScreen.storyboard;
			sourceTree = "<group>";
		};
/* End PBXVariantGroup section */

/* Begin XCBuildConfiguration section */
		5F5393DE24ACAA0F001AC20C /* Debug */ = {
			isa = XCBuildConfiguration;
			buildSettings = {
				ALWAYS_SEARCH_USER_PATHS = NO;
				CLANG_ANALYZER_NONNULL = YES;
				CLANG_ANALYZER_NUMBER_OBJECT_CONVERSION = YES_AGGRESSIVE;
				CLANG_CXX_LANGUAGE_STANDARD = "gnu++14";
				CLANG_CXX_LIBRARY = "libc++";
				CLANG_ENABLE_MODULES = YES;
				CLANG_ENABLE_OBJC_ARC = YES;
				CLANG_ENABLE_OBJC_WEAK = YES;
				CLANG_WARN_BLOCK_CAPTURE_AUTORELEASING = YES;
				CLANG_WARN_BOOL_CONVERSION = YES;
				CLANG_WARN_COMMA = YES;
				CLANG_WARN_CONSTANT_CONVERSION = YES;
				CLANG_WARN_DEPRECATED_OBJC_IMPLEMENTATIONS = YES;
				CLANG_WARN_DIRECT_OBJC_ISA_USAGE = YES_ERROR;
				CLANG_WARN_DOCUMENTATION_COMMENTS = YES;
				CLANG_WARN_EMPTY_BODY = YES;
				CLANG_WARN_ENUM_CONVERSION = YES;
				CLANG_WARN_INFINITE_RECURSION = YES;
				CLANG_WARN_INT_CONVERSION = YES;
				CLANG_WARN_NON_LITERAL_NULL_CONVERSION = YES;
				CLANG_WARN_OBJC_IMPLICIT_RETAIN_SELF = YES;
				CLANG_WARN_OBJC_LITERAL_CONVERSION = YES;
				CLANG_WARN_OBJC_ROOT_CLASS = YES_ERROR;
				CLANG_WARN_RANGE_LOOP_ANALYSIS = YES;
				CLANG_WARN_STRICT_PROTOTYPES = YES;
				CLANG_WARN_SUSPICIOUS_MOVE = YES;
				CLANG_WARN_UNGUARDED_AVAILABILITY = YES_AGGRESSIVE;
				CLANG_WARN_UNREACHABLE_CODE = YES;
				CLANG_WARN__DUPLICATE_METHOD_MATCH = YES;
				COPY_PHASE_STRIP = NO;
				DEBUG_INFORMATION_FORMAT = dwarf;
				ENABLE_STRICT_OBJC_MSGSEND = YES;
				ENABLE_TESTABILITY = YES;
				GCC_C_LANGUAGE_STANDARD = gnu11;
				GCC_DYNAMIC_NO_PIC = NO;
				GCC_NO_COMMON_BLOCKS = YES;
				GCC_OPTIMIZATION_LEVEL = 0;
				GCC_PREPROCESSOR_DEFINITIONS = (
					"DEBUG=1",
					"$(inherited)",
				);
				GCC_WARN_64_TO_32_BIT_CONVERSION = YES;
				GCC_WARN_ABOUT_RETURN_TYPE = YES_ERROR;
				GCC_WARN_UNDECLARED_SELECTOR = YES;
				GCC_WARN_UNINITIALIZED_AUTOS = YES_AGGRESSIVE;
				GCC_WARN_UNUSED_FUNCTION = YES;
				GCC_WARN_UNUSED_VARIABLE = YES;
				IPHONEOS_DEPLOYMENT_TARGET = 13.5;
				MTL_ENABLE_DEBUG_INFO = INCLUDE_SOURCE;
				MTL_FAST_MATH = YES;
				ONLY_ACTIVE_ARCH = YES;
				SDKROOT = iphoneos;
				SWIFT_ACTIVE_COMPILATION_CONDITIONS = DEBUG;
				SWIFT_OPTIMIZATION_LEVEL = "-Onone";
			};
			name = Debug;
		};
		5F5393DF24ACAA0F001AC20C /* Release */ = {
			isa = XCBuildConfiguration;
			buildSettings = {
				ALWAYS_SEARCH_USER_PATHS = NO;
				CLANG_ANALYZER_NONNULL = YES;
				CLANG_ANALYZER_NUMBER_OBJECT_CONVERSION = YES_AGGRESSIVE;
				CLANG_CXX_LANGUAGE_STANDARD = "gnu++14";
				CLANG_CXX_LIBRARY = "libc++";
				CLANG_ENABLE_MODULES = YES;
				CLANG_ENABLE_OBJC_ARC = YES;
				CLANG_ENABLE_OBJC_WEAK = YES;
				CLANG_WARN_BLOCK_CAPTURE_AUTORELEASING = YES;
				CLANG_WARN_BOOL_CONVERSION = YES;
				CLANG_WARN_COMMA = YES;
				CLANG_WARN_CONSTANT_CONVERSION = YES;
				CLANG_WARN_DEPRECATED_OBJC_IMPLEMENTATIONS = YES;
				CLANG_WARN_DIRECT_OBJC_ISA_USAGE = YES_ERROR;
				CLANG_WARN_DOCUMENTATION_COMMENTS = YES;
				CLANG_WARN_EMPTY_BODY = YES;
				CLANG_WARN_ENUM_CONVERSION = YES;
				CLANG_WARN_INFINITE_RECURSION = YES;
				CLANG_WARN_INT_CONVERSION = YES;
				CLANG_WARN_NON_LITERAL_NULL_CONVERSION = YES;
				CLANG_WARN_OBJC_IMPLICIT_RETAIN_SELF = YES;
				CLANG_WARN_OBJC_LITERAL_CONVERSION = YES;
				CLANG_WARN_OBJC_ROOT_CLASS = YES_ERROR;
				CLANG_WARN_RANGE_LOOP_ANALYSIS = YES;
				CLANG_WARN_STRICT_PROTOTYPES = YES;
				CLANG_WARN_SUSPICIOUS_MOVE = YES;
				CLANG_WARN_UNGUARDED_AVAILABILITY = YES_AGGRESSIVE;
				CLANG_WARN_UNREACHABLE_CODE = YES;
				CLANG_WARN__DUPLICATE_METHOD_MATCH = YES;
				COPY_PHASE_STRIP = NO;
				DEBUG_INFORMATION_FORMAT = "dwarf-with-dsym";
				ENABLE_NS_ASSERTIONS = NO;
				ENABLE_STRICT_OBJC_MSGSEND = YES;
				GCC_C_LANGUAGE_STANDARD = gnu11;
				GCC_NO_COMMON_BLOCKS = YES;
				GCC_WARN_64_TO_32_BIT_CONVERSION = YES;
				GCC_WARN_ABOUT_RETURN_TYPE = YES_ERROR;
				GCC_WARN_UNDECLARED_SELECTOR = YES;
				GCC_WARN_UNINITIALIZED_AUTOS = YES_AGGRESSIVE;
				GCC_WARN_UNUSED_FUNCTION = YES;
				GCC_WARN_UNUSED_VARIABLE = YES;
				IPHONEOS_DEPLOYMENT_TARGET = 13.5;
				MTL_ENABLE_DEBUG_INFO = NO;
				MTL_FAST_MATH = YES;
				SDKROOT = iphoneos;
				SWIFT_COMPILATION_MODE = wholemodule;
				SWIFT_OPTIMIZATION_LEVEL = "-O";
				VALIDATE_PRODUCT = YES;
			};
			name = Release;
		};
		5F5393E124ACAA0F001AC20C /* Debug */ = {
			isa = XCBuildConfiguration;
			buildSettings = {
				ASSETCATALOG_COMPILER_APPICON_NAME = AppIcon;
				CODE_SIGN_STYLE = Automatic;
				DEVELOPMENT_TEAM = 37TYJS59CX;
				INFOPLIST_FILE = SteakTimer/Info.plist;
				LD_RUNPATH_SEARCH_PATHS = (
					"$(inherited)",
					"@executable_path/Frameworks",
				);
				PRODUCT_BUNDLE_IDENTIFIER = Chris.Chong.SteakTimer;
				PRODUCT_NAME = "$(TARGET_NAME)";
				SWIFT_VERSION = 5.0;
				TARGETED_DEVICE_FAMILY = "1,2";
			};
			name = Debug;
		};
		5F5393E224ACAA0F001AC20C /* Release */ = {
			isa = XCBuildConfiguration;
			buildSettings = {
				ASSETCATALOG_COMPILER_APPICON_NAME = AppIcon;
				CODE_SIGN_STYLE = Automatic;
				DEVELOPMENT_TEAM = 37TYJS59CX;
				INFOPLIST_FILE = SteakTimer/Info.plist;
				LD_RUNPATH_SEARCH_PATHS = (
					"$(inherited)",
					"@executable_path/Frameworks",
				);
				PRODUCT_BUNDLE_IDENTIFIER = Chris.Chong.SteakTimer;
				PRODUCT_NAME = "$(TARGET_NAME)";
				SWIFT_VERSION = 5.0;
				TARGETED_DEVICE_FAMILY = "1,2";
			};
			name = Release;
		};
/* End XCBuildConfiguration section */

/* Begin XCConfigurationList section */
		5F5393C724ACAA0E001AC20C /* Build configuration list for PBXProject "SteakTimer" */ = {
			isa = XCConfigurationList;
			buildConfigurations = (
				5F5393DE24ACAA0F001AC20C /* Debug */,
				5F5393DF24ACAA0F001AC20C /* Release */,
			);
			defaultConfigurationIsVisible = 0;
			defaultConfigurationName = Release;
		};
		5F5393E024ACAA0F001AC20C /* Build configuration list for PBXNativeTarget "SteakTimer" */ = {
			isa = XCConfigurationList;
			buildConfigurations = (
				5F5393E124ACAA0F001AC20C /* Debug */,
				5F5393E224ACAA0F001AC20C /* Release */,
			);
			defaultConfigurationIsVisible = 0;
			defaultConfigurationName = Release;
		};
/* End XCConfigurationList section */
	};
	rootObject = 5F5393C424ACAA0E001AC20C /* Project object */;
}
